
Microsoft Visual Studio Solution File, Format Version 12.00
# Visual Studio Version 17
VisualStudioVersion = 17.6.33723.286
MinimumVisualStudioVersion = 10.0.40219.1
Project("{FAE04EC0-301F-11D3-BF4B-00C04F79EFBC}") = "Domain", "Domain\Domain.csproj", "{07360F7C-6916-4F85-A78C-6E3773FE14C6}"
EndProject
Project("{FAE04EC0-301F-11D3-BF4B-00C04F79EFBC}") = "DataAccess", "DataAccess\DataAccess.csproj", "{99D7E599-8F62-4EF4-8B2C-AEDB0D3F2571}"
EndProject
Project("{FAE04EC0-301F-11D3-BF4B-00C04F79EFBC}") = "Application", "Application\Application.csproj", "{77957225-D829-400E-91FA-416356D918E1}"
EndProject
Project("{FAE04EC0-301F-11D3-BF4B-00C04F79EFBC}") = "Implementation", "Implementation\Implementation.csproj", "{6C606084-5DE7-468D-B076-ECC046E1F100}"
EndProject
Project("{FAE04EC0-301F-11D3-BF4B-00C04F79EFBC}") = "API", "API\API.csproj", "{E5763ADD-9EDC-4F48-AE5B-8BF125FD5D1A}"
EndProject
Global
	GlobalSection(SolutionConfigurationPlatforms) = preSolution
		Debug|Any CPU = Debug|Any CPU
		Release|Any CPU = Release|Any CPU
	EndGlobalSection
	GlobalSection(ProjectConfigurationPlatforms) = postSolution
		{07360F7C-6916-4F85-A78C-6E3773FE14C6}.Debug|Any CPU.ActiveCfg = Debug|Any CPU
		{07360F7C-6916-4F85-A78C-6E3773FE14C6}.Debug|Any CPU.Build.0 = Debug|Any CPU
		{07360F7C-6916-4F85-A78C-6E3773FE14C6}.Release|Any CPU.ActiveCfg = Release|Any CPU
		{07360F7C-6916-4F85-A78C-6E3773FE14C6}.Release|Any CPU.Build.0 = Release|Any CPU
		{99D7E599-8F62-4EF4-8B2C-AEDB0D3F2571}.Debug|Any CPU.ActiveCfg = Debug|Any CPU
		{99D7E599-8F62-4EF4-8B2C-AEDB0D3F2571}.Debug|Any CPU.Build.0 = Debug|Any CPU
		{99D7E599-8F62-4EF4-8B2C-AEDB0D3F2571}.Release|Any CPU.ActiveCfg = Release|Any CPU
		{99D7E599-8F62-4EF4-8B2C-AEDB0D3F2571}.Release|Any CPU.Build.0 = Release|Any CPU
		{77957225-D829-400E-91FA-416356D918E1}.Debug|Any CPU.ActiveCfg = Debug|Any CPU
		{77957225-D829-400E-91FA-416356D918E1}.Debug|Any CPU.Build.0 = Debug|Any CPU
		{77957225-D829-400E-91FA-416356D918E1}.Release|Any CPU.ActiveCfg = Release|Any CPU
		{77957225-D829-400E-91FA-416356D918E1}.Release|Any CPU.Build.0 = Release|Any CPU
		{6C606084-5DE7-468D-B076-ECC046E1F100}.Debug|Any CPU.ActiveCfg = Debug|Any CPU
		{6C606084-5DE7-468D-B076-ECC046E1F100}.Debug|Any CPU.Build.0 = Debug|Any CPU
		{6C606084-5DE7-468D-B076-ECC046E1F100}.Release|Any CPU.ActiveCfg = Release|Any CPU
		{6C606084-5DE7-468D-B076-ECC046E1F100}.Release|Any CPU.Build.0 = Release|Any CPU
		{E5763ADD-9EDC-4F48-AE5B-8BF125FD5D1A}.Debug|Any CPU.ActiveCfg = Debug|Any CPU
		{E5763ADD-9EDC-4F48-AE5B-8BF125FD5D1A}.Debug|Any CPU.Build.0 = Debug|Any CPU
		{E5763ADD-9EDC-4F48-AE5B-8BF125FD5D1A}.Release|Any CPU.ActiveCfg = Release|Any CPU
		{E5763ADD-9EDC-4F48-AE5B-8BF125FD5D1A}.Release|Any CPU.Build.0 = Release|Any CPU
	EndGlobalSection
	GlobalSection(SolutionProperties) = preSolution
		HideSolutionNode = FALSE
	EndGlobalSection
	GlobalSection(ExtensibilityGlobals) = postSolution
		SolutionGuid = {BA31B807-1416-4D36-B499-6442538AA01E}
	EndGlobalSection
EndGlobal
